// !$*UTF8*$!
{
	archiveVersion = 1;
	classes = {
	};
	objectVersion = 46;
	objects = {

/* Begin PBXBuildFile section */
		55E7D0BF1FE8F853DDF18E50 /* Pods_Slusen.framework in Frameworks */ = {isa = PBXBuildFile; fileRef = 26D868AFD4D60F16689461E2 /* Pods_Slusen.framework */; };
		E50616EF1DE0CF3B0090FD90 /* ServerDate.swift in Sources */ = {isa = PBXBuildFile; fileRef = E50616EE1DE0CF3B0090FD90 /* ServerDate.swift */; };
		E50616F21DE117F80090FD90 /* OrdersViewController.swift in Sources */ = {isa = PBXBuildFile; fileRef = E50616F11DE117F80090FD90 /* OrdersViewController.swift */; };
		E50616F41DE1180E0090FD90 /* OrderViewModel.swift in Sources */ = {isa = PBXBuildFile; fileRef = E50616F31DE1180E0090FD90 /* OrderViewModel.swift */; };
		E5158A911DCE1E4000BC791D /* Order.swift in Sources */ = {isa = PBXBuildFile; fileRef = E5158A901DCE1E4000BC791D /* Order.swift */; };
		E5158A931DCE253C00BC791D /* ActiveOrderTableViewCell.swift in Sources */ = {isa = PBXBuildFile; fileRef = E5158A921DCE253C00BC791D /* ActiveOrderTableViewCell.swift */; };
		E5158A951DCE25F300BC791D /* ActiveOrderCellViewModel.swift in Sources */ = {isa = PBXBuildFile; fileRef = E5158A941DCE25F300BC791D /* ActiveOrderCellViewModel.swift */; };
		E5158A9A1DCF7F2200BC791D /* Payment.swift in Sources */ = {isa = PBXBuildFile; fileRef = E5158A991DCF7F2200BC791D /* Payment.swift */; };
		E5158A9C1DCF8B9200BC791D /* PaymentHandler.swift in Sources */ = {isa = PBXBuildFile; fileRef = E5158A9B1DCF8B9200BC791D /* PaymentHandler.swift */; };
		E5543F221DC4B84800CB2FD0 /* AppDelegate.swift in Sources */ = {isa = PBXBuildFile; fileRef = E5543F211DC4B84800CB2FD0 /* AppDelegate.swift */; };
		E5543F241DC4B84800CB2FD0 /* MenuViewController.swift in Sources */ = {isa = PBXBuildFile; fileRef = E5543F231DC4B84800CB2FD0 /* MenuViewController.swift */; };
		E5543F271DC4B84800CB2FD0 /* Main.storyboard in Resources */ = {isa = PBXBuildFile; fileRef = E5543F251DC4B84800CB2FD0 /* Main.storyboard */; };
		E5543F291DC4B84800CB2FD0 /* Assets.xcassets in Resources */ = {isa = PBXBuildFile; fileRef = E5543F281DC4B84800CB2FD0 /* Assets.xcassets */; };
		E5543F2C1DC4B84800CB2FD0 /* LaunchScreen.storyboard in Resources */ = {isa = PBXBuildFile; fileRef = E5543F2A1DC4B84800CB2FD0 /* LaunchScreen.storyboard */; };
		E5543F341DC4CCE400CB2FD0 /* OnboardingViewController.swift in Sources */ = {isa = PBXBuildFile; fileRef = E5543F331DC4CCE400CB2FD0 /* OnboardingViewController.swift */; };
		E5543F381DC4CE6300CB2FD0 /* OnboardingViewModel.swift in Sources */ = {isa = PBXBuildFile; fileRef = E5543F371DC4CE6300CB2FD0 /* OnboardingViewModel.swift */; };
		E5543F3B1DC4DA3800CB2FD0 /* StoryboardHelperMethods.swift in Sources */ = {isa = PBXBuildFile; fileRef = E5543F3A1DC4DA3800CB2FD0 /* StoryboardHelperMethods.swift */; };
		E5885DC41DD5F08A004B2DB9 /* User.swift in Sources */ = {isa = PBXBuildFile; fileRef = E5885DC31DD5F08A004B2DB9 /* User.swift */; };
		E59003411DC9055A00E8F692 /* OrderItemTableViewCell.swift in Sources */ = {isa = PBXBuildFile; fileRef = E59003401DC9055A00E8F692 /* OrderItemTableViewCell.swift */; };
		E59003441DC907CB00E8F692 /* OrderItemCellViewModel.swift in Sources */ = {isa = PBXBuildFile; fileRef = E59003431DC907CB00E8F692 /* OrderItemCellViewModel.swift */; };
		E59003471DC915AB00E8F692 /* MenuViewModel.swift in Sources */ = {isa = PBXBuildFile; fileRef = E59003461DC915AB00E8F692 /* MenuViewModel.swift */; };
		E5A750101DCC7E6300994CF6 /* SlusenStepperView.swift in Sources */ = {isa = PBXBuildFile; fileRef = E5A7500F1DCC7E6300994CF6 /* SlusenStepperView.swift */; };
		E5CF5FD81DC92629006137DB /* OrderItem.swift in Sources */ = {isa = PBXBuildFile; fileRef = E5CF5FD71DC92629006137DB /* OrderItem.swift */; };
		E5D9C8FD1DC4E2D100888954 /* GoogleService-Info.plist in Resources */ = {isa = PBXBuildFile; fileRef = E5D9C8FC1DC4E2D100888954 /* GoogleService-Info.plist */; };
		E5D9C9001DC4F3CB00888954 /* ServerManager.swift in Sources */ = {isa = PBXBuildFile; fileRef = E5D9C8FF1DC4F3CB00888954 /* ServerManager.swift */; };
		E5D9C9031DC4F53C00888954 /* APIRouter.swift in Sources */ = {isa = PBXBuildFile; fileRef = E5D9C9021DC4F53C00888954 /* APIRouter.swift */; };
		E5D9C9051DC5053900888954 /* Product.swift in Sources */ = {isa = PBXBuildFile; fileRef = E5D9C9041DC5053900888954 /* Product.swift */; };
		E5D9C9081DC5062200888954 /* JSONDecodable.swift in Sources */ = {isa = PBXBuildFile; fileRef = E5D9C9071DC5062200888954 /* JSONDecodable.swift */; };
/* End PBXBuildFile section */

/* Begin PBXFileReference section */
		26D868AFD4D60F16689461E2 /* Pods_Slusen.framework */ = {isa = PBXFileReference; explicitFileType = wrapper.framework; includeInIndex = 0; path = Pods_Slusen.framework; sourceTree = BUILT_PRODUCTS_DIR; };
		BF9F7CF00478819C9B1F665F /* Pods-Slusen.debug.xcconfig */ = {isa = PBXFileReference; includeInIndex = 1; lastKnownFileType = text.xcconfig; name = "Pods-Slusen.debug.xcconfig"; path = "Pods/Target Support Files/Pods-Slusen/Pods-Slusen.debug.xcconfig"; sourceTree = "<group>"; };
		E46E08A96246A493160729EC /* Pods-Slusen.release.xcconfig */ = {isa = PBXFileReference; includeInIndex = 1; lastKnownFileType = text.xcconfig; name = "Pods-Slusen.release.xcconfig"; path = "Pods/Target Support Files/Pods-Slusen/Pods-Slusen.release.xcconfig"; sourceTree = "<group>"; };
		E50616EE1DE0CF3B0090FD90 /* ServerDate.swift */ = {isa = PBXFileReference; fileEncoding = 4; lastKnownFileType = sourcecode.swift; path = ServerDate.swift; sourceTree = "<group>"; };
		E50616F11DE117F80090FD90 /* OrdersViewController.swift */ = {isa = PBXFileReference; fileEncoding = 4; lastKnownFileType = sourcecode.swift; path = OrdersViewController.swift; sourceTree = "<group>"; };
		E50616F31DE1180E0090FD90 /* OrderViewModel.swift */ = {isa = PBXFileReference; fileEncoding = 4; lastKnownFileType = sourcecode.swift; path = OrderViewModel.swift; sourceTree = "<group>"; };
		E5158A901DCE1E4000BC791D /* Order.swift */ = {isa = PBXFileReference; fileEncoding = 4; lastKnownFileType = sourcecode.swift; path = Order.swift; sourceTree = "<group>"; };
		E5158A921DCE253C00BC791D /* ActiveOrderTableViewCell.swift */ = {isa = PBXFileReference; fileEncoding = 4; lastKnownFileType = sourcecode.swift; path = ActiveOrderTableViewCell.swift; sourceTree = "<group>"; };
		E5158A941DCE25F300BC791D /* ActiveOrderCellViewModel.swift */ = {isa = PBXFileReference; fileEncoding = 4; lastKnownFileType = sourcecode.swift; path = ActiveOrderCellViewModel.swift; sourceTree = "<group>"; };
		E5158A961DCF782F00BC791D /* Slusen-Bridging-Header.h */ = {isa = PBXFileReference; lastKnownFileType = sourcecode.c.h; path = "Slusen-Bridging-Header.h"; sourceTree = "<group>"; };
		E5158A991DCF7F2200BC791D /* Payment.swift */ = {isa = PBXFileReference; fileEncoding = 4; lastKnownFileType = sourcecode.swift; path = Payment.swift; sourceTree = "<group>"; };
		E5158A9B1DCF8B9200BC791D /* PaymentHandler.swift */ = {isa = PBXFileReference; fileEncoding = 4; lastKnownFileType = sourcecode.swift; path = PaymentHandler.swift; sourceTree = "<group>"; };
		E5543F1E1DC4B84800CB2FD0 /* Slusen.app */ = {isa = PBXFileReference; explicitFileType = wrapper.application; includeInIndex = 0; path = Slusen.app; sourceTree = BUILT_PRODUCTS_DIR; };
		E5543F211DC4B84800CB2FD0 /* AppDelegate.swift */ = {isa = PBXFileReference; lastKnownFileType = sourcecode.swift; path = AppDelegate.swift; sourceTree = "<group>"; };
		E5543F231DC4B84800CB2FD0 /* MenuViewController.swift */ = {isa = PBXFileReference; lastKnownFileType = sourcecode.swift; path = MenuViewController.swift; sourceTree = "<group>"; };
		E5543F261DC4B84800CB2FD0 /* Base */ = {isa = PBXFileReference; lastKnownFileType = file.storyboard; name = Base; path = Base.lproj/Main.storyboard; sourceTree = "<group>"; };
		E5543F281DC4B84800CB2FD0 /* Assets.xcassets */ = {isa = PBXFileReference; lastKnownFileType = folder.assetcatalog; path = Assets.xcassets; sourceTree = "<group>"; };
		E5543F2B1DC4B84800CB2FD0 /* Base */ = {isa = PBXFileReference; lastKnownFileType = file.storyboard; name = Base; path = Base.lproj/LaunchScreen.storyboard; sourceTree = "<group>"; };
		E5543F2D1DC4B84800CB2FD0 /* Info.plist */ = {isa = PBXFileReference; lastKnownFileType = text.plist.xml; path = Info.plist; sourceTree = "<group>"; };
		E5543F331DC4CCE400CB2FD0 /* OnboardingViewController.swift */ = {isa = PBXFileReference; fileEncoding = 4; lastKnownFileType = sourcecode.swift; path = OnboardingViewController.swift; sourceTree = "<group>"; };
		E5543F371DC4CE6300CB2FD0 /* OnboardingViewModel.swift */ = {isa = PBXFileReference; fileEncoding = 4; lastKnownFileType = sourcecode.swift; path = OnboardingViewModel.swift; sourceTree = "<group>"; };
		E5543F3A1DC4DA3800CB2FD0 /* StoryboardHelperMethods.swift */ = {isa = PBXFileReference; fileEncoding = 4; lastKnownFileType = sourcecode.swift; path = StoryboardHelperMethods.swift; sourceTree = "<group>"; };
		E5885DC31DD5F08A004B2DB9 /* User.swift */ = {isa = PBXFileReference; fileEncoding = 4; lastKnownFileType = sourcecode.swift; path = User.swift; sourceTree = "<group>"; };
		E59003401DC9055A00E8F692 /* OrderItemTableViewCell.swift */ = {isa = PBXFileReference; fileEncoding = 4; lastKnownFileType = sourcecode.swift; path = OrderItemTableViewCell.swift; sourceTree = "<group>"; };
		E59003431DC907CB00E8F692 /* OrderItemCellViewModel.swift */ = {isa = PBXFileReference; fileEncoding = 4; lastKnownFileType = sourcecode.swift; path = OrderItemCellViewModel.swift; sourceTree = "<group>"; };
		E59003461DC915AB00E8F692 /* MenuViewModel.swift */ = {isa = PBXFileReference; fileEncoding = 4; lastKnownFileType = sourcecode.swift; path = MenuViewModel.swift; sourceTree = "<group>"; };
		E5A7500F1DCC7E6300994CF6 /* SlusenStepperView.swift */ = {isa = PBXFileReference; fileEncoding = 4; lastKnownFileType = sourcecode.swift; path = SlusenStepperView.swift; sourceTree = "<group>"; };
		E5CF5FD71DC92629006137DB /* OrderItem.swift */ = {isa = PBXFileReference; fileEncoding = 4; lastKnownFileType = sourcecode.swift; path = OrderItem.swift; sourceTree = "<group>"; };
		E5D9C8FC1DC4E2D100888954 /* GoogleService-Info.plist */ = {isa = PBXFileReference; fileEncoding = 4; lastKnownFileType = text.plist.xml; path = "GoogleService-Info.plist"; sourceTree = "<group>"; };
		E5D9C8FF1DC4F3CB00888954 /* ServerManager.swift */ = {isa = PBXFileReference; fileEncoding = 4; lastKnownFileType = sourcecode.swift; path = ServerManager.swift; sourceTree = "<group>"; };
		E5D9C9021DC4F53C00888954 /* APIRouter.swift */ = {isa = PBXFileReference; fileEncoding = 4; lastKnownFileType = sourcecode.swift; path = APIRouter.swift; sourceTree = "<group>"; };
		E5D9C9041DC5053900888954 /* Product.swift */ = {isa = PBXFileReference; fileEncoding = 4; lastKnownFileType = sourcecode.swift; path = Product.swift; sourceTree = "<group>"; };
		E5D9C9071DC5062200888954 /* JSONDecodable.swift */ = {isa = PBXFileReference; fileEncoding = 4; lastKnownFileType = sourcecode.swift; path = JSONDecodable.swift; sourceTree = "<group>"; };
/* End PBXFileReference section */

/* Begin PBXFrameworksBuildPhase section */
		E5543F1B1DC4B84800CB2FD0 /* Frameworks */ = {
			isa = PBXFrameworksBuildPhase;
			buildActionMask = 2147483647;
			files = (
				55E7D0BF1FE8F853DDF18E50 /* Pods_Slusen.framework in Frameworks */,
			);
			runOnlyForDeploymentPostprocessing = 0;
		};
/* End PBXFrameworksBuildPhase section */

/* Begin PBXGroup section */
		391EDEF7459ACDD5D0999CE7 /* Frameworks */ = {
			isa = PBXGroup;
			children = (
				26D868AFD4D60F16689461E2 /* Pods_Slusen.framework */,
			);
			name = Frameworks;
			sourceTree = "<group>";
		};
		A619748711ABB499C9A2BBDF /* Pods */ = {
			isa = PBXGroup;
			children = (
				BF9F7CF00478819C9B1F665F /* Pods-Slusen.debug.xcconfig */,
				E46E08A96246A493160729EC /* Pods-Slusen.release.xcconfig */,
			);
			name = Pods;
			sourceTree = "<group>";
		};
		E50616F01DE116150090FD90 /* OrdersViewController */ = {
			isa = PBXGroup;
			children = (
				E50616F11DE117F80090FD90 /* OrdersViewController.swift */,
				E50616F31DE1180E0090FD90 /* OrderViewModel.swift */,
				E5158A8F1DCE164400BC791D /* Order Tableview Cell */,
			);
			name = OrdersViewController;
			sourceTree = "<group>";
		};
		E5158A8F1DCE164400BC791D /* Order Tableview Cell */ = {
			isa = PBXGroup;
			children = (
				E5158A921DCE253C00BC791D /* ActiveOrderTableViewCell.swift */,
				E5158A941DCE25F300BC791D /* ActiveOrderCellViewModel.swift */,
			);
			name = "Order Tableview Cell";
			sourceTree = "<group>";
		};
		E5543F151DC4B84800CB2FD0 = {
			isa = PBXGroup;
			children = (
				E5543F201DC4B84800CB2FD0 /* Slusen */,
				A619748711ABB499C9A2BBDF /* Pods */,
				391EDEF7459ACDD5D0999CE7 /* Frameworks */,
			);
			sourceTree = "<group>";
		};
		E5543F1F1DC4B84800CB2FD0 /* Products */ = {
			isa = PBXGroup;
			children = (
				E5543F1E1DC4B84800CB2FD0 /* Slusen.app */,
			);
			name = Products;
			path = ..;
			sourceTree = "<group>";
		};
		E5543F201DC4B84800CB2FD0 /* Slusen */ = {
			isa = PBXGroup;
			children = (
				E5543F211DC4B84800CB2FD0 /* AppDelegate.swift */,
				E5543F3A1DC4DA3800CB2FD0 /* StoryboardHelperMethods.swift */,
				E5543F1F1DC4B84800CB2FD0 /* Products */,
				E5543F351DC4CE2B00CB2FD0 /* MenuViewController */,
				E50616F01DE116150090FD90 /* OrdersViewController */,
				E5543F251DC4B84800CB2FD0 /* Main.storyboard */,
				E5543F361DC4CE3700CB2FD0 /* Onboarding */,
				E5543F281DC4B84800CB2FD0 /* Assets.xcassets */,
				E5543F2A1DC4B84800CB2FD0 /* LaunchScreen.storyboard */,
				E5543F2D1DC4B84800CB2FD0 /* Info.plist */,
				E5D9C8FC1DC4E2D100888954 /* GoogleService-Info.plist */,
				E5D9C9061DC5053F00888954 /* Models */,
				E5D9C9011DC4F3D200888954 /* Server Manager */,
				E5158A961DCF782F00BC791D /* Slusen-Bridging-Header.h */,
			);
			path = Slusen;
			sourceTree = "<group>";
		};
		E5543F351DC4CE2B00CB2FD0 /* MenuViewController */ = {
			isa = PBXGroup;
			children = (
				E59003451DC9159500E8F692 /* MenuViewController */,
				E59003421DC9079F00E8F692 /* ProductCell */,
				E5A7500F1DCC7E6300994CF6 /* SlusenStepperView.swift */,
			);
			name = MenuViewController;
			sourceTree = "<group>";
		};
		E5543F361DC4CE3700CB2FD0 /* Onboarding */ = {
			isa = PBXGroup;
			children = (
				E5543F331DC4CCE400CB2FD0 /* OnboardingViewController.swift */,
				E5543F371DC4CE6300CB2FD0 /* OnboardingViewModel.swift */,
			);
			name = Onboarding;
			sourceTree = "<group>";
		};
		E59003421DC9079F00E8F692 /* ProductCell */ = {
			isa = PBXGroup;
			children = (
				E59003401DC9055A00E8F692 /* OrderItemTableViewCell.swift */,
				E59003431DC907CB00E8F692 /* OrderItemCellViewModel.swift */,
			);
			name = ProductCell;
			sourceTree = "<group>";
		};
		E59003451DC9159500E8F692 /* MenuViewController */ = {
			isa = PBXGroup;
			children = (
				E5543F231DC4B84800CB2FD0 /* MenuViewController.swift */,
				E59003461DC915AB00E8F692 /* MenuViewModel.swift */,
				E5158A9B1DCF8B9200BC791D /* PaymentHandler.swift */,
			);
			name = MenuViewController;
			sourceTree = "<group>";
		};
		E5D9C9011DC4F3D200888954 /* Server Manager */ = {
			isa = PBXGroup;
			children = (
				E5D9C8FF1DC4F3CB00888954 /* ServerManager.swift */,
				E5D9C9021DC4F53C00888954 /* APIRouter.swift */,
				E50616EE1DE0CF3B0090FD90 /* ServerDate.swift */,
			);
			name = "Server Manager";
			sourceTree = "<group>";
		};
		E5D9C9061DC5053F00888954 /* Models */ = {
			isa = PBXGroup;
			children = (
				E5D9C9041DC5053900888954 /* Product.swift */,
				E5D9C9071DC5062200888954 /* JSONDecodable.swift */,
				E5CF5FD71DC92629006137DB /* OrderItem.swift */,
				E5158A901DCE1E4000BC791D /* Order.swift */,
				E5158A991DCF7F2200BC791D /* Payment.swift */,
				E5885DC31DD5F08A004B2DB9 /* User.swift */,
			);
			name = Models;
			sourceTree = "<group>";
		};
/* End PBXGroup section */

/* Begin PBXNativeTarget section */
		E5543F1D1DC4B84800CB2FD0 /* Slusen */ = {
			isa = PBXNativeTarget;
			buildConfigurationList = E5543F301DC4B84800CB2FD0 /* Build configuration list for PBXNativeTarget "Slusen" */;
			buildPhases = (
				FDA352E5F87C3B0E79605B10 /* [CP] Check Pods Manifest.lock */,
				E5543F1A1DC4B84800CB2FD0 /* Sources */,
				E5543F1B1DC4B84800CB2FD0 /* Frameworks */,
				E5543F1C1DC4B84800CB2FD0 /* Resources */,
				6250397A412C6439558F06DC /* [CP] Embed Pods Frameworks */,
				0DFF221E7EB42CBF8FE7FD52 /* [CP] Copy Pods Resources */,
			);
			buildRules = (
			);
			dependencies = (
			);
			name = Slusen;
			productName = Slusen;
			productReference = E5543F1E1DC4B84800CB2FD0 /* Slusen.app */;
			productType = "com.apple.product-type.application";
		};
/* End PBXNativeTarget section */

/* Begin PBXProject section */
		E5543F161DC4B84800CB2FD0 /* Project object */ = {
			isa = PBXProject;
			attributes = {
				LastSwiftUpdateCheck = 0800;
				LastUpgradeCheck = 0800;
				ORGANIZATIONNAME = Slusen;
				TargetAttributes = {
					E5543F1D1DC4B84800CB2FD0 = {
						CreatedOnToolsVersion = 8.0;
						DevelopmentTeam = R8F453AF24;
						LastSwiftMigration = 0800;
						ProvisioningStyle = Automatic;
					};
				};
			};
			buildConfigurationList = E5543F191DC4B84800CB2FD0 /* Build configuration list for PBXProject "Slusen" */;
			compatibilityVersion = "Xcode 3.2";
			developmentRegion = English;
			hasScannedForEncodings = 0;
			knownRegions = (
				en,
				Base,
			);
			mainGroup = E5543F151DC4B84800CB2FD0;
			productRefGroup = E5543F1F1DC4B84800CB2FD0 /* Products */;
			projectDirPath = "";
			projectRoot = "";
			targets = (
				E5543F1D1DC4B84800CB2FD0 /* Slusen */,
			);
		};
/* End PBXProject section */

/* Begin PBXResourcesBuildPhase section */
		E5543F1C1DC4B84800CB2FD0 /* Resources */ = {
			isa = PBXResourcesBuildPhase;
			buildActionMask = 2147483647;
			files = (
				E5543F2C1DC4B84800CB2FD0 /* LaunchScreen.storyboard in Resources */,
				E5D9C8FD1DC4E2D100888954 /* GoogleService-Info.plist in Resources */,
				E5543F291DC4B84800CB2FD0 /* Assets.xcassets in Resources */,
				E5543F271DC4B84800CB2FD0 /* Main.storyboard in Resources */,
			);
			runOnlyForDeploymentPostprocessing = 0;
		};
/* End PBXResourcesBuildPhase section */

/* Begin PBXShellScriptBuildPhase section */
		0DFF221E7EB42CBF8FE7FD52 /* [CP] Copy Pods Resources */ = {
			isa = PBXShellScriptBuildPhase;
			buildActionMask = 2147483647;
			files = (
			);
			inputPaths = (
			);
			name = "[CP] Copy Pods Resources";
			outputPaths = (
			);
			runOnlyForDeploymentPostprocessing = 0;
			shellPath = /bin/sh;
			shellScript = "\"${SRCROOT}/Pods/Target Support Files/Pods-Slusen/Pods-Slusen-resources.sh\"\n";
			showEnvVarsInLog = 0;
		};
		6250397A412C6439558F06DC /* [CP] Embed Pods Frameworks */ = {
			isa = PBXShellScriptBuildPhase;
			buildActionMask = 2147483647;
			files = (
			);
			inputPaths = (
			);
			name = "[CP] Embed Pods Frameworks";
			outputPaths = (
			);
			runOnlyForDeploymentPostprocessing = 0;
			shellPath = /bin/sh;
			shellScript = "\"${SRCROOT}/Pods/Target Support Files/Pods-Slusen/Pods-Slusen-frameworks.sh\"\n";
			showEnvVarsInLog = 0;
		};
		FDA352E5F87C3B0E79605B10 /* [CP] Check Pods Manifest.lock */ = {
			isa = PBXShellScriptBuildPhase;
			buildActionMask = 2147483647;
			files = (
			);
			inputPaths = (
			);
			name = "[CP] Check Pods Manifest.lock";
			outputPaths = (
			);
			runOnlyForDeploymentPostprocessing = 0;
			shellPath = /bin/sh;
			shellScript = "diff \"${PODS_ROOT}/../Podfile.lock\" \"${PODS_ROOT}/Manifest.lock\" > /dev/null\nif [ $? != 0 ] ; then\n    # print error to STDERR\n    echo \"error: The sandbox is not in sync with the Podfile.lock. Run 'pod install' or update your CocoaPods installation.\" >&2\n    exit 1\nfi\n";
			showEnvVarsInLog = 0;
		};
/* End PBXShellScriptBuildPhase section */

/* Begin PBXSourcesBuildPhase section */
		E5543F1A1DC4B84800CB2FD0 /* Sources */ = {
			isa = PBXSourcesBuildPhase;
			buildActionMask = 2147483647;
			files = (
				E5D9C9081DC5062200888954 /* JSONDecodable.swift in Sources */,
				E59003441DC907CB00E8F692 /* OrderItemCellViewModel.swift in Sources */,
				E5158A931DCE253C00BC791D /* ActiveOrderTableViewCell.swift in Sources */,
				E5D9C9031DC4F53C00888954 /* APIRouter.swift in Sources */,
				E5D9C9051DC5053900888954 /* Product.swift in Sources */,
				E5CF5FD81DC92629006137DB /* OrderItem.swift in Sources */,
				E59003471DC915AB00E8F692 /* MenuViewModel.swift in Sources */,
				E5543F241DC4B84800CB2FD0 /* MenuViewController.swift in Sources */,
				E5885DC41DD5F08A004B2DB9 /* User.swift in Sources */,
				E5A750101DCC7E6300994CF6 /* SlusenStepperView.swift in Sources */,
				E5158A9C1DCF8B9200BC791D /* PaymentHandler.swift in Sources */,
				E5543F341DC4CCE400CB2FD0 /* OnboardingViewController.swift in Sources */,
				E5543F3B1DC4DA3800CB2FD0 /* StoryboardHelperMethods.swift in Sources */,
				E5158A951DCE25F300BC791D /* ActiveOrderCellViewModel.swift in Sources */,
				E50616F21DE117F80090FD90 /* OrdersViewController.swift in Sources */,
				E50616F41DE1180E0090FD90 /* OrderViewModel.swift in Sources */,
				E5543F221DC4B84800CB2FD0 /* AppDelegate.swift in Sources */,
				E59003411DC9055A00E8F692 /* OrderItemTableViewCell.swift in Sources */,
				E5158A911DCE1E4000BC791D /* Order.swift in Sources */,
				E5D9C9001DC4F3CB00888954 /* ServerManager.swift in Sources */,
				E50616EF1DE0CF3B0090FD90 /* ServerDate.swift in Sources */,
				E5158A9A1DCF7F2200BC791D /* Payment.swift in Sources */,
				E5543F381DC4CE6300CB2FD0 /* OnboardingViewModel.swift in Sources */,
			);
			runOnlyForDeploymentPostprocessing = 0;
		};
/* End PBXSourcesBuildPhase section */

/* Begin PBXVariantGroup section */
		E5543F251DC4B84800CB2FD0 /* Main.storyboard */ = {
			isa = PBXVariantGroup;
			children = (
				E5543F261DC4B84800CB2FD0 /* Base */,
			);
			name = Main.storyboard;
			sourceTree = "<group>";
		};
		E5543F2A1DC4B84800CB2FD0 /* LaunchScreen.storyboard */ = {
			isa = PBXVariantGroup;
			children = (
				E5543F2B1DC4B84800CB2FD0 /* Base */,
			);
			name = LaunchScreen.storyboard;
			sourceTree = "<group>";
		};
/* End PBXVariantGroup section */

/* Begin XCBuildConfiguration section */
		E5543F2E1DC4B84800CB2FD0 /* Debug */ = {
			isa = XCBuildConfiguration;
			buildSettings = {
				ALWAYS_SEARCH_USER_PATHS = NO;
				CLANG_ANALYZER_NONNULL = YES;
				CLANG_CXX_LANGUAGE_STANDARD = "gnu++0x";
				CLANG_CXX_LIBRARY = "libc++";
				CLANG_ENABLE_MODULES = YES;
				CLANG_ENABLE_OBJC_ARC = YES;
				CLANG_WARN_BOOL_CONVERSION = YES;
				CLANG_WARN_CONSTANT_CONVERSION = YES;
				CLANG_WARN_DIRECT_OBJC_ISA_USAGE = YES_ERROR;
				CLANG_WARN_DOCUMENTATION_COMMENTS = YES;
				CLANG_WARN_EMPTY_BODY = YES;
				CLANG_WARN_ENUM_CONVERSION = YES;
				CLANG_WARN_INFINITE_RECURSION = YES;
				CLANG_WARN_INT_CONVERSION = YES;
				CLANG_WARN_OBJC_ROOT_CLASS = YES_ERROR;
				CLANG_WARN_SUSPICIOUS_MOVES = YES;
				CLANG_WARN_UNREACHABLE_CODE = YES;
				CLANG_WARN__DUPLICATE_METHOD_MATCH = YES;
				"CODE_SIGN_IDENTITY[sdk=iphoneos*]" = "iPhone Developer";
				COPY_PHASE_STRIP = NO;
				DEBUG_INFORMATION_FORMAT = dwarf;
				ENABLE_STRICT_OBJC_MSGSEND = YES;
				ENABLE_TESTABILITY = YES;
				GCC_C_LANGUAGE_STANDARD = gnu99;
				GCC_DYNAMIC_NO_PIC = NO;
				GCC_NO_COMMON_BLOCKS = YES;
				GCC_OPTIMIZATION_LEVEL = 0;
				GCC_PREPROCESSOR_DEFINITIONS = (
					"DEBUG=1",
					"$(inherited)",
				);
				GCC_WARN_64_TO_32_BIT_CONVERSION = YES;
				GCC_WARN_ABOUT_RETURN_TYPE = YES_ERROR;
				GCC_WARN_UNDECLARED_SELECTOR = YES;
				GCC_WARN_UNINITIALIZED_AUTOS = YES_AGGRESSIVE;
				GCC_WARN_UNUSED_FUNCTION = YES;
				GCC_WARN_UNUSED_VARIABLE = YES;
				IPHONEOS_DEPLOYMENT_TARGET = 10.0;
				MTL_ENABLE_DEBUG_INFO = YES;
				ONLY_ACTIVE_ARCH = YES;
				SDKROOT = iphoneos;
				SWIFT_ACTIVE_COMPILATION_CONDITIONS = DEBUG;
				SWIFT_OPTIMIZATION_LEVEL = "-Onone";
			};
			name = Debug;
		};
		E5543F2F1DC4B84800CB2FD0 /* Release */ = {
			isa = XCBuildConfiguration;
			buildSettings = {
				ALWAYS_SEARCH_USER_PATHS = NO;
				CLANG_ANALYZER_NONNULL = YES;
				CLANG_CXX_LANGUAGE_STANDARD = "gnu++0x";
				CLANG_CXX_LIBRARY = "libc++";
				CLANG_ENABLE_MODULES = YES;
				CLANG_ENABLE_OBJC_ARC = YES;
				CLANG_WARN_BOOL_CONVERSION = YES;
				CLANG_WARN_CONSTANT_CONVERSION = YES;
				CLANG_WARN_DIRECT_OBJC_ISA_USAGE = YES_ERROR;
				CLANG_WARN_DOCUMENTATION_COMMENTS = YES;
				CLANG_WARN_EMPTY_BODY = YES;
				CLANG_WARN_ENUM_CONVERSION = YES;
				CLANG_WARN_INFINITE_RECURSION = YES;
				CLANG_WARN_INT_CONVERSION = YES;
				CLANG_WARN_OBJC_ROOT_CLASS = YES_ERROR;
				CLANG_WARN_SUSPICIOUS_MOVES = YES;
				CLANG_WARN_UNREACHABLE_CODE = YES;
				CLANG_WARN__DUPLICATE_METHOD_MATCH = YES;
				"CODE_SIGN_IDENTITY[sdk=iphoneos*]" = "iPhone Developer";
				COPY_PHASE_STRIP = NO;
				DEBUG_INFORMATION_FORMAT = "dwarf-with-dsym";
				ENABLE_NS_ASSERTIONS = NO;
				ENABLE_STRICT_OBJC_MSGSEND = YES;
				GCC_C_LANGUAGE_STANDARD = gnu99;
				GCC_NO_COMMON_BLOCKS = YES;
				GCC_WARN_64_TO_32_BIT_CONVERSION = YES;
				GCC_WARN_ABOUT_RETURN_TYPE = YES_ERROR;
				GCC_WARN_UNDECLARED_SELECTOR = YES;
				GCC_WARN_UNINITIALIZED_AUTOS = YES_AGGRESSIVE;
				GCC_WARN_UNUSED_FUNCTION = YES;
				GCC_WARN_UNUSED_VARIABLE = YES;
				IPHONEOS_DEPLOYMENT_TARGET = 10.0;
				MTL_ENABLE_DEBUG_INFO = NO;
				SDKROOT = iphoneos;
				SWIFT_OPTIMIZATION_LEVEL = "-Owholemodule";
				VALIDATE_PRODUCT = YES;
			};
			name = Release;
		};
		E5543F311DC4B84800CB2FD0 /* Debug */ = {
			isa = XCBuildConfiguration;
			baseConfigurationReference = BF9F7CF00478819C9B1F665F /* Pods-Slusen.debug.xcconfig */;
			buildSettings = {
				ASSETCATALOG_COMPILER_APPICON_NAME = AppIcon;
				CLANG_ENABLE_MODULES = YES;
				DEVELOPMENT_TEAM = R8F453AF24;
				ENABLE_BITCODE = NO;
				INFOPLIST_FILE = Slusen/Info.plist;
				LD_RUNPATH_SEARCH_PATHS = "$(inherited) @executable_path/Frameworks";
				PRODUCT_BUNDLE_IDENTIFIER = dk.slusen;
				PRODUCT_NAME = "$(TARGET_NAME)";
				SWIFT_OBJC_BRIDGING_HEADER = "Slusen/Slusen-Bridging-Header.h";
				SWIFT_OPTIMIZATION_LEVEL = "-Onone";
				SWIFT_VERSION = 3.0;
			};
			name = Debug;
		};
		E5543F321DC4B84800CB2FD0 /* Release */ = {
			isa = XCBuildConfiguration;
			baseConfigurationReference = E46E08A96246A493160729EC /* Pods-Slusen.release.xcconfig */;
			buildSettings = {
				ASSETCATALOG_COMPILER_APPICON_NAME = AppIcon;
				CLANG_ENABLE_MODULES = YES;
				DEVELOPMENT_TEAM = R8F453AF24;
				ENABLE_BITCODE = NO;
				INFOPLIST_FILE = Slusen/Info.plist;
				LD_RUNPATH_SEARCH_PATHS = "$(inherited) @executable_path/Frameworks";
				PRODUCT_BUNDLE_IDENTIFIER = dk.slusen;
				PRODUCT_NAME = "$(TARGET_NAME)";
				SWIFT_OBJC_BRIDGING_HEADER = "Slusen/Slusen-Bridging-Header.h";
				SWIFT_VERSION = 3.0;
			};
			name = Release;
		};
/* End XCBuildConfiguration section */

/* Begin XCConfigurationList section */
		E5543F191DC4B84800CB2FD0 /* Build configuration list for PBXProject "Slusen" */ = {
			isa = XCConfigurationList;
			buildConfigurations = (
				E5543F2E1DC4B84800CB2FD0 /* Debug */,
				E5543F2F1DC4B84800CB2FD0 /* Release */,
			);
			defaultConfigurationIsVisible = 0;
			defaultConfigurationName = Release;
		};
		E5543F301DC4B84800CB2FD0 /* Build configuration list for PBXNativeTarget "Slusen" */ = {
			isa = XCConfigurationList;
			buildConfigurations = (
				E5543F311DC4B84800CB2FD0 /* Debug */,
				E5543F321DC4B84800CB2FD0 /* Release */,
			);
			defaultConfigurationIsVisible = 0;
			defaultConfigurationName = Release;
		};
/* End XCConfigurationList section */
	};
	rootObject = E5543F161DC4B84800CB2FD0 /* Project object */;
}
